
Microsoft Visual Studio Solution File, Format Version 12.00
# Visual Studio Version 17
VisualStudioVersion = 17.3.32825.248
MinimumVisualStudioVersion = 10.0.40219.1
Project("{FAE04EC0-301F-11D3-BF4B-00C04F79EFBC}") = "StudentDisconnectedArchiteture", "StudentDisconnectedArchiteture\StudentDisconnectedArchiteture.csproj", "{35BA7205-DD71-458B-A3F0-CB0FC65C98A1}"
EndProject
Global
	GlobalSection(SolutionConfigurationPlatforms) = preSolution
		Debug|Any CPU = Debug|Any CPU
		Release|Any CPU = Release|Any CPU
	EndGlobalSection
	GlobalSection(ProjectConfigurationPlatforms) = postSolution
		{35BA7205-DD71-458B-A3F0-CB0FC65C98A1}.Debug|Any CPU.ActiveCfg = Debug|Any CPU
		{35BA7205-DD71-458B-A3F0-CB0FC65C98A1}.Debug|Any CPU.Build.0 = Debug|Any CPU
		{35BA7205-DD71-458B-A3F0-CB0FC65C98A1}.Release|Any CPU.ActiveCfg = Release|Any CPU
		{35BA7205-DD71-458B-A3F0-CB0FC65C98A1}.Release|Any CPU.Build.0 = Release|Any CPU
	EndGlobalSection
	GlobalSection(SolutionProperties) = preSolution
		HideSolutionNode = FALSE
	EndGlobalSection
	GlobalSection(ExtensibilityGlobals) = postSolution
		SolutionGuid = {7882541A-4D56-4784-941D-2DD81D15C07F}
	EndGlobalSection
EndGlobal
